
Microsoft Visual Studio Solution File, Format Version 12.00
# Visual Studio Version 17
VisualStudioVersion = 17.10.35122.118
MinimumVisualStudioVersion = 10.0.40219.1
Project("{9A19103F-16F7-4668-BE54-9A1E7A4F7556}") = "ACadSharp.Pdf", "ACadSharp.Pdf\ACadSharp.Pdf.csproj", "{6759F056-7FAC-4F41-9397-87D8F545FBED}"
EndProject
Project("{9A19103F-16F7-4668-BE54-9A1E7A4F7556}") = "ACadSharp.Pdf.Examples", "ACadSharp.Pdf.Examples\ACadSharp.Pdf.Examples.csproj", "{3EE03679-BFA3-406D-B3F9-C343AC668FA2}"
EndProject
Project("{2150E333-8FDC-42A3-9474-1A3956D46DE8}") = "Submodules", "Submodules", "{34398062-E8FA-40D9-876E-14DA65580159}"
EndProject
Project("{9A19103F-16F7-4668-BE54-9A1E7A4F7556}") = "ACadSharp", "ACadSharp\src\ACadSharp\ACadSharp.csproj", "{954E6718-3377-4F1F-8487-6A9412829661}"
EndProject
Project("{9A19103F-16F7-4668-BE54-9A1E7A4F7556}") = "PdfSharp", "PdfSharp\src\foundation\src\PDFsharp\src\PdfSharp\PdfSharp.csproj", "{99A31D18-2FDD-46D5-81A1-788D3472E999}"
EndProject
Project("{9A19103F-16F7-4668-BE54-9A1E7A4F7556}") = "PdfSharp.System", "PdfSharp\src\foundation\src\shared\src\PdfSharp.System\PdfSharp.System.csproj", "{062E62B0-6B93-4D77-A20A-E2BE4568E152}"
EndProject
Project("{2150E333-8FDC-42A3-9474-1A3956D46DE8}") = "Solution Items", "Solution Items", "{C208F917-1B3F-4D17-B07A-5DB997793705}"
	ProjectSection(SolutionItems) = preProject
		..\.editorconfig = ..\.editorconfig
		..\.gitignore = ..\.gitignore
		..\.gitmodules = ..\.gitmodules
		..\github.env = ..\github.env
		..\LICENSE = ..\LICENSE
		..\README.md = ..\README.md
	EndProjectSection
EndProject
Project("{2150E333-8FDC-42A3-9474-1A3956D46DE8}") = ".github", ".github", "{78F069B8-0EF8-4703-9257-CBF5DC4022FA}"
EndProject
Project("{2150E333-8FDC-42A3-9474-1A3956D46DE8}") = "workflows", "workflows", "{52E48994-8A32-45F5-BB03-1D578AD6457E}"
	ProjectSection(SolutionItems) = preProject
		..\.github\workflows\build.yml = ..\.github\workflows\build.yml
		..\.github\workflows\build_n_test.yml = ..\.github\workflows\build_n_test.yml
		..\.github\workflows\coveralls.yml = ..\.github\workflows\coveralls.yml
		..\.github\workflows\publish.yml = ..\.github\workflows\publish.yml
		..\.github\workflows\wiki-gen.yml = ..\.github\workflows\wiki-gen.yml
	EndProjectSection
EndProject
Project("{9A19103F-16F7-4668-BE54-9A1E7A4F7556}") = "ACadSharp.Pdf.Tests", "ACadSharp.Pdf.Tests\ACadSharp.Pdf.Tests.csproj", "{0E7B7771-ABD9-4ABC-A626-7C73120248B9}"
EndProject
Project("{D954291E-2A0B-460D-934E-DC6B0785DB48}") = "CSUtilities", "ACadSharp\src\CSUtilities\CSUtilities\CSUtilities.shproj", "{7950B9CB-883D-4065-8FD0-9A6822BB2FE2}"
EndProject
Project("{D954291E-2A0B-460D-934E-DC6B0785DB48}") = "CSMath", "ACadSharp\src\CSUtilities\CSMath\CSMath.shproj", "{411B6122-5EF6-46DB-A8F2-43E9C1841E4A}"
EndProject
Global
	GlobalSection(SolutionConfigurationPlatforms) = preSolution
		Debug|Any CPU = Debug|Any CPU
		Release|Any CPU = Release|Any CPU
		Test|Any CPU = Test|Any CPU
	EndGlobalSection
	GlobalSection(ProjectConfigurationPlatforms) = postSolution
		{6759F056-7FAC-4F41-9397-87D8F545FBED}.Debug|Any CPU.ActiveCfg = Debug|Any CPU
		{6759F056-7FAC-4F41-9397-87D8F545FBED}.Debug|Any CPU.Build.0 = Debug|Any CPU
		{6759F056-7FAC-4F41-9397-87D8F545FBED}.Release|Any CPU.ActiveCfg = Release|Any CPU
		{6759F056-7FAC-4F41-9397-87D8F545FBED}.Release|Any CPU.Build.0 = Release|Any CPU
		{6759F056-7FAC-4F41-9397-87D8F545FBED}.Test|Any CPU.ActiveCfg = Test|Any CPU
		{6759F056-7FAC-4F41-9397-87D8F545FBED}.Test|Any CPU.Build.0 = Test|Any CPU
		{3EE03679-BFA3-406D-B3F9-C343AC668FA2}.Debug|Any CPU.ActiveCfg = Debug|Any CPU
		{3EE03679-BFA3-406D-B3F9-C343AC668FA2}.Debug|Any CPU.Build.0 = Debug|Any CPU
		{3EE03679-BFA3-406D-B3F9-C343AC668FA2}.Release|Any CPU.ActiveCfg = Release|Any CPU
		{3EE03679-BFA3-406D-B3F9-C343AC668FA2}.Release|Any CPU.Build.0 = Release|Any CPU
		{3EE03679-BFA3-406D-B3F9-C343AC668FA2}.Test|Any CPU.ActiveCfg = Test|Any CPU
		{3EE03679-BFA3-406D-B3F9-C343AC668FA2}.Test|Any CPU.Build.0 = Test|Any CPU
		{954E6718-3377-4F1F-8487-6A9412829661}.Debug|Any CPU.ActiveCfg = Debug|Any CPU
		{954E6718-3377-4F1F-8487-6A9412829661}.Debug|Any CPU.Build.0 = Debug|Any CPU
		{954E6718-3377-4F1F-8487-6A9412829661}.Release|Any CPU.ActiveCfg = Release|Any CPU
		{954E6718-3377-4F1F-8487-6A9412829661}.Release|Any CPU.Build.0 = Release|Any CPU
		{954E6718-3377-4F1F-8487-6A9412829661}.Test|Any CPU.ActiveCfg = Test|Any CPU
		{954E6718-3377-4F1F-8487-6A9412829661}.Test|Any CPU.Build.0 = Test|Any CPU
		{99A31D18-2FDD-46D5-81A1-788D3472E999}.Debug|Any CPU.ActiveCfg = Debug|Any CPU
		{99A31D18-2FDD-46D5-81A1-788D3472E999}.Debug|Any CPU.Build.0 = Debug|Any CPU
		{99A31D18-2FDD-46D5-81A1-788D3472E999}.Release|Any CPU.ActiveCfg = Release|Any CPU
		{99A31D18-2FDD-46D5-81A1-788D3472E999}.Release|Any CPU.Build.0 = Release|Any CPU
		{99A31D18-2FDD-46D5-81A1-788D3472E999}.Test|Any CPU.ActiveCfg = Debug|Any CPU
		{99A31D18-2FDD-46D5-81A1-788D3472E999}.Test|Any CPU.Build.0 = Debug|Any CPU
		{062E62B0-6B93-4D77-A20A-E2BE4568E152}.Debug|Any CPU.ActiveCfg = Debug|Any CPU
		{062E62B0-6B93-4D77-A20A-E2BE4568E152}.Debug|Any CPU.Build.0 = Debug|Any CPU
		{062E62B0-6B93-4D77-A20A-E2BE4568E152}.Release|Any CPU.ActiveCfg = Release|Any CPU
		{062E62B0-6B93-4D77-A20A-E2BE4568E152}.Release|Any CPU.Build.0 = Release|Any CPU
		{062E62B0-6B93-4D77-A20A-E2BE4568E152}.Test|Any CPU.ActiveCfg = Debug|Any CPU
		{062E62B0-6B93-4D77-A20A-E2BE4568E152}.Test|Any CPU.Build.0 = Debug|Any CPU
		{0E7B7771-ABD9-4ABC-A626-7C73120248B9}.Debug|Any CPU.ActiveCfg = Debug|Any CPU
		{0E7B7771-ABD9-4ABC-A626-7C73120248B9}.Debug|Any CPU.Build.0 = Debug|Any CPU
		{0E7B7771-ABD9-4ABC-A626-7C73120248B9}.Release|Any CPU.ActiveCfg = Release|Any CPU
		{0E7B7771-ABD9-4ABC-A626-7C73120248B9}.Release|Any CPU.Build.0 = Release|Any CPU
		{0E7B7771-ABD9-4ABC-A626-7C73120248B9}.Test|Any CPU.ActiveCfg = Test|Any CPU
		{0E7B7771-ABD9-4ABC-A626-7C73120248B9}.Test|Any CPU.Build.0 = Test|Any CPU
	EndGlobalSection
	GlobalSection(SolutionProperties) = preSolution
		HideSolutionNode = FALSE
	EndGlobalSection
	GlobalSection(NestedProjects) = preSolution
		{954E6718-3377-4F1F-8487-6A9412829661} = {34398062-E8FA-40D9-876E-14DA65580159}
		{99A31D18-2FDD-46D5-81A1-788D3472E999} = {34398062-E8FA-40D9-876E-14DA65580159}
		{062E62B0-6B93-4D77-A20A-E2BE4568E152} = {34398062-E8FA-40D9-876E-14DA65580159}
		{78F069B8-0EF8-4703-9257-CBF5DC4022FA} = {C208F917-1B3F-4D17-B07A-5DB997793705}
		{52E48994-8A32-45F5-BB03-1D578AD6457E} = {78F069B8-0EF8-4703-9257-CBF5DC4022FA}
		{7950B9CB-883D-4065-8FD0-9A6822BB2FE2} = {34398062-E8FA-40D9-876E-14DA65580159}
		{411B6122-5EF6-46DB-A8F2-43E9C1841E4A} = {34398062-E8FA-40D9-876E-14DA65580159}
	EndGlobalSection
	GlobalSection(ExtensibilityGlobals) = postSolution
		SolutionGuid = {BEC36C72-28D7-4685-A732-2964B45E36CF}
	EndGlobalSection
	GlobalSection(SharedMSBuildProjectFiles) = preSolution
		ACadSharp\src\CSUtilities\CSUtilities\CSUtilities.projitems*{0e7b7771-abd9-4abc-a626-7c73120248b9}*SharedItemsImports = 5
		ACadSharp\src\CSUtilities\CSMath\CSMath.projitems*{411b6122-5ef6-46db-a8f2-43e9c1841e4a}*SharedItemsImports = 13
		ACadSharp\src\CSUtilities\CSUtilities\CSUtilities.projitems*{7950b9cb-883d-4065-8fd0-9a6822bb2fe2}*SharedItemsImports = 13
		ACadSharp\src\CSUtilities\CSMath\CSMath.projitems*{954e6718-3377-4f1f-8487-6a9412829661}*SharedItemsImports = 5
		ACadSharp\src\CSUtilities\CSUtilities\CSUtilities.projitems*{954e6718-3377-4f1f-8487-6a9412829661}*SharedItemsImports = 5
	EndGlobalSection
EndGlobal
